
Microsoft Visual Studio Solution File, Format Version 12.00
# Visual Studio Version 17
VisualStudioVersion = 17.2.32616.157
MinimumVisualStudioVersion = 10.0.40219.1
Project("{FAE04EC0-301F-11D3-BF4B-00C04F79EFBC}") = "Task6.11", "Task6.11\Task6.11.csproj", "{BD332228-8D7F-4D9C-B551-D54704F76AE2}"
EndProject
Global
	GlobalSection(SolutionConfigurationPlatforms) = preSolution
		Debug|Any CPU = Debug|Any CPU
		Release|Any CPU = Release|Any CPU
	EndGlobalSection
	GlobalSection(ProjectConfigurationPlatforms) = postSolution
		{BD332228-8D7F-4D9C-B551-D54704F76AE2}.Debug|Any CPU.ActiveCfg = Debug|Any CPU
		{BD332228-8D7F-4D9C-B551-D54704F76AE2}.Debug|Any CPU.Build.0 = Debug|Any CPU
		{BD332228-8D7F-4D9C-B551-D54704F76AE2}.Release|Any CPU.ActiveCfg = Release|Any CPU
		{BD332228-8D7F-4D9C-B551-D54704F76AE2}.Release|Any CPU.Build.0 = Release|Any CPU
	EndGlobalSection
	GlobalSection(SolutionProperties) = preSolution
		HideSolutionNode = FALSE
	EndGlobalSection
	GlobalSection(ExtensibilityGlobals) = postSolution
		SolutionGuid = {BC38E0E1-95EA-4255-B962-63BD47BDFCA7}
	EndGlobalSection
EndGlobal
